// !$*UTF8*$!
{
	archiveVersion = 1;
	classes = {
	};
	objectVersion = 46;
	objects = {

/* Begin PBXBuildFile section */
		1D3623260D0F684500981E51 /* MuninAppDelegate.m in Sources */ = {isa = PBXBuildFile; fileRef = 1D3623250D0F684500981E51 /* MuninAppDelegate.m */; };
		1D60589B0D05DD56006BFB54 /* main.m in Sources */ = {isa = PBXBuildFile; fileRef = 29B97316FDCFA39411CA2CEA /* main.m */; };
		1D60589F0D05DD5A006BFB54 /* Foundation.framework in Frameworks */ = {isa = PBXBuildFile; fileRef = 1D30AB110D05D00D00671497 /* Foundation.framework */; };
		1DF5F4E00D08C38300B7A737 /* UIKit.framework in Frameworks */ = {isa = PBXBuildFile; fileRef = 1DF5F4DF0D08C38300B7A737 /* UIKit.framework */; };
		2892E4100DC94CBA00A64D0F /* CoreGraphics.framework in Frameworks */ = {isa = PBXBuildFile; fileRef = 2892E40F0DC94CBA00A64D0F /* CoreGraphics.framework */; };
		28AD73600D9D9599002E5188 /* MainWindow.xib in Resources */ = {isa = PBXBuildFile; fileRef = 28AD735F0D9D9599002E5188 /* MainWindow.xib */; };
		3520DFFE127DC4D000933FCC /* Munin-Info.plist in Resources */ = {isa = PBXBuildFile; fileRef = 3520DFFD127DC4D000933FCC /* Munin-Info.plist */; };
		3520E000127DC4FD00933FCC /* __Munin.sqlite in Resources */ = {isa = PBXBuildFile; fileRef = 3520DFFF127DC4FD00933FCC /* __Munin.sqlite */; };
		3520E070127DCB6900933FCC /* libSimpleTableViewController.a in Frameworks */ = {isa = PBXBuildFile; fileRef = 3520E06F127DCB1700933FCC /* libSimpleTableViewController.a */; };
		3520E1C4127DCE6E00933FCC /* MainScreenLoader.m in Sources */ = {isa = PBXBuildFile; fileRef = 3520E1C3127DCE6E00933FCC /* MainScreenLoader.m */; };
		3520E1CD127DCEF200933FCC /* MuninMastersViewController.m in Sources */ = {isa = PBXBuildFile; fileRef = 3520E1CB127DCEF200933FCC /* MuninMastersViewController.m */; };
		3520E1CE127DCEF200933FCC /* MuninMastersViewController.xib in Resources */ = {isa = PBXBuildFile; fileRef = 3520E1CC127DCEF200933FCC /* MuninMastersViewController.xib */; };
		3520E341127DEAD700933FCC /* MuninMaster.m in Sources */ = {isa = PBXBuildFile; fileRef = 3520E340127DEAD700933FCC /* MuninMaster.m */; };
		3520E375127DEC2400933FCC /* Host.m in Sources */ = {isa = PBXBuildFile; fileRef = 3520E374127DEC2400933FCC /* Host.m */; };
		3520E3BF127DEE0100933FCC /* MuninMasterTableViewCell.m in Sources */ = {isa = PBXBuildFile; fileRef = 3520E320127DE9DB00933FCC /* MuninMasterTableViewCell.m */; };
		35428F16127CE55700EB7486 /* README in Resources */ = {isa = PBXBuildFile; fileRef = 35428F15127CE55700EB7486 /* README */; };
		35498921127C0492003A1D28 /* libElementParser.a in Sources */ = {isa = PBXBuildFile; fileRef = 35498904127C03D8003A1D28 /* libElementParser.a */; };
		35498922127C0497003A1D28 /* libElementParser.a in Frameworks */ = {isa = PBXBuildFile; fileRef = 35498904127C03D8003A1D28 /* libElementParser.a */; };
		35498959127C3AE7003A1D28 /* Host.xcdatamodel in Sources */ = {isa = PBXBuildFile; fileRef = 35498958127C3AE7003A1D28 /* Host.xcdatamodel */; };
		35736B64127CD9CF0044A6A3 /* CoreData.framework in Frameworks */ = {isa = PBXBuildFile; fileRef = 35736B63127CD9CF0044A6A3 /* CoreData.framework */; };
		35736BF7127CDE280044A6A3 /* Icon.png in Resources */ = {isa = PBXBuildFile; fileRef = 35736BF6127CDE280044A6A3 /* Icon.png */; };
		35736C0B127CDF6B0044A6A3 /* Icon@2x.png in Resources */ = {isa = PBXBuildFile; fileRef = 35736C0A127CDF6B0044A6A3 /* Icon@2x.png */; };
		35736C1A127CDFDE0044A6A3 /* Icon-72.png in Resources */ = {isa = PBXBuildFile; fileRef = 35736C19127CDFDE0044A6A3 /* Icon-72.png */; };
/* End PBXBuildFile section */

/* Begin PBXContainerItemProxy section */
		3520E06E127DCB1700933FCC /* PBXContainerItemProxy */ = {
			isa = PBXContainerItemProxy;
			containerPortal = 3520E06A127DCB1700933FCC /* SimpleTableViewController.xcodeproj */;
			proxyType = 2;
			remoteGlobalIDString = D2AAC07E0554694100DB518D /* libSimpleTableViewController.a */;
			remoteInfo = SimpleTableViewController;
		};
		35498903127C03D8003A1D28 /* PBXContainerItemProxy */ = {
			isa = PBXContainerItemProxy;
			containerPortal = 354988FF127C03D8003A1D28 /* ElementParser.xcodeproj */;
			proxyType = 2;
			remoteGlobalIDString = D2AAC07E0554694100DB518D;
			remoteInfo = ElementParser;
		};
		35498946127C04D4003A1D28 /* PBXContainerItemProxy */ = {
			isa = PBXContainerItemProxy;
			containerPortal = 354988FF127C03D8003A1D28 /* ElementParser.xcodeproj */;
			proxyType = 1;
			remoteGlobalIDString = D2AAC07D0554694100DB518D;
			remoteInfo = ElementParser;
		};
/* End PBXContainerItemProxy section */

/* Begin PBXFileReference section */
		1D30AB110D05D00D00671497 /* Foundation.framework */ = {isa = PBXFileReference; lastKnownFileType = wrapper.framework; name = Foundation.framework; path = System/Library/Frameworks/Foundation.framework; sourceTree = SDKROOT; };
		1D3623240D0F684500981E51 /* MuninAppDelegate.h */ = {isa = PBXFileReference; fileEncoding = 4; lastKnownFileType = sourcecode.c.h; path = MuninAppDelegate.h; sourceTree = "<group>"; };
		1D3623250D0F684500981E51 /* MuninAppDelegate.m */ = {isa = PBXFileReference; fileEncoding = 4; lastKnownFileType = sourcecode.c.objc; path = MuninAppDelegate.m; sourceTree = "<group>"; };
		1D6058910D05DD3D006BFB54 /* Munin.app */ = {isa = PBXFileReference; explicitFileType = wrapper.application; includeInIndex = 0; path = Munin.app; sourceTree = BUILT_PRODUCTS_DIR; };
		1DF5F4DF0D08C38300B7A737 /* UIKit.framework */ = {isa = PBXFileReference; lastKnownFileType = wrapper.framework; name = UIKit.framework; path = System/Library/Frameworks/UIKit.framework; sourceTree = SDKROOT; };
		2892E40F0DC94CBA00A64D0F /* CoreGraphics.framework */ = {isa = PBXFileReference; lastKnownFileType = wrapper.framework; name = CoreGraphics.framework; path = System/Library/Frameworks/CoreGraphics.framework; sourceTree = SDKROOT; };
		28A0AAE50D9B0CCF005BE974 /* Munin_Prefix.pch */ = {isa = PBXFileReference; fileEncoding = 4; lastKnownFileType = sourcecode.c.h; path = Munin_Prefix.pch; sourceTree = "<group>"; };
		28AD735F0D9D9599002E5188 /* MainWindow.xib */ = {isa = PBXFileReference; lastKnownFileType = file.xib; path = MainWindow.xib; sourceTree = "<group>"; };
		29B97316FDCFA39411CA2CEA /* main.m */ = {isa = PBXFileReference; fileEncoding = 4; lastKnownFileType = sourcecode.c.objc; path = main.m; sourceTree = "<group>"; };
		3520DFFD127DC4D000933FCC /* Munin-Info.plist */ = {isa = PBXFileReference; fileEncoding = 4; lastKnownFileType = text.plist.xml; name = "Munin-Info.plist"; path = "MuninData/Munin-Info.plist"; sourceTree = "<group>"; };
		3520DFFF127DC4FD00933FCC /* __Munin.sqlite */ = {isa = PBXFileReference; lastKnownFileType = file; name = __Munin.sqlite; path = MuninData/__Munin.sqlite; sourceTree = "<group>"; };
		3520E06A127DCB1700933FCC /* SimpleTableViewController.xcodeproj */ = {isa = PBXFileReference; lastKnownFileType = "wrapper.pb-project"; name = SimpleTableViewController.xcodeproj; path = ../SimpleTableViewController/SimpleTableViewController.xcodeproj; sourceTree = SOURCE_ROOT; };
		3520E1C2127DCE6E00933FCC /* MainScreenLoader.h */ = {isa = PBXFileReference; fileEncoding = 4; lastKnownFileType = sourcecode.c.h; path = MainScreenLoader.h; sourceTree = "<group>"; };
		3520E1C3127DCE6E00933FCC /* MainScreenLoader.m */ = {isa = PBXFileReference; fileEncoding = 4; lastKnownFileType = sourcecode.c.objc; path = MainScreenLoader.m; sourceTree = "<group>"; };
		3520E1CA127DCEF200933FCC /* MuninMastersViewController.h */ = {isa = PBXFileReference; fileEncoding = 4; lastKnownFileType = sourcecode.c.h; path = MuninMastersViewController.h; sourceTree = "<group>"; };
		3520E1CB127DCEF200933FCC /* MuninMastersViewController.m */ = {isa = PBXFileReference; fileEncoding = 4; lastKnownFileType = sourcecode.c.objc; path = MuninMastersViewController.m; sourceTree = "<group>"; };
		3520E1CC127DCEF200933FCC /* MuninMastersViewController.xib */ = {isa = PBXFileReference; lastKnownFileType = file.xib; name = MuninMastersViewController.xib; path = Classes/MuninMastersViewController.xib; sourceTree = "<group>"; };
		3520E31F127DE9DB00933FCC /* MuninMasterTableViewCell.h */ = {isa = PBXFileReference; fileEncoding = 4; lastKnownFileType = sourcecode.c.h; path = MuninMasterTableViewCell.h; sourceTree = "<group>"; };
		3520E320127DE9DB00933FCC /* MuninMasterTableViewCell.m */ = {isa = PBXFileReference; fileEncoding = 4; lastKnownFileType = sourcecode.c.objc; path = MuninMasterTableViewCell.m; sourceTree = "<group>"; };
		3520E33F127DEAD700933FCC /* MuninMaster.h */ = {isa = PBXFileReference; fileEncoding = 4; lastKnownFileType = sourcecode.c.h; path = MuninMaster.h; sourceTree = "<group>"; };
		3520E340127DEAD700933FCC /* MuninMaster.m */ = {isa = PBXFileReference; fileEncoding = 4; lastKnownFileType = sourcecode.c.objc; path = MuninMaster.m; sourceTree = "<group>"; };
		3520E373127DEC2400933FCC /* Host.h */ = {isa = PBXFileReference; fileEncoding = 4; lastKnownFileType = sourcecode.c.h; path = Host.h; sourceTree = "<group>"; };
		3520E374127DEC2400933FCC /* Host.m */ = {isa = PBXFileReference; fileEncoding = 4; lastKnownFileType = sourcecode.c.objc; path = Host.m; sourceTree = "<group>"; };
		35428F15127CE55700EB7486 /* README */ = {isa = PBXFileReference; fileEncoding = 4; lastKnownFileType = text; path = README; sourceTree = "<group>"; };
		354988FF127C03D8003A1D28 /* ElementParser.xcodeproj */ = {isa = PBXFileReference; lastKnownFileType = "wrapper.pb-project"; name = ElementParser.xcodeproj; path = ../ElementParser/ElementParser.xcodeproj; sourceTree = SOURCE_ROOT; };
		35498958127C3AE7003A1D28 /* Host.xcdatamodel */ = {isa = PBXFileReference; fileEncoding = 4; lastKnownFileType = wrapper.xcdatamodel; path = Host.xcdatamodel; sourceTree = "<group>"; };
		35736B63127CD9CF0044A6A3 /* CoreData.framework */ = {isa = PBXFileReference; lastKnownFileType = wrapper.framework; name = CoreData.framework; path = System/Library/Frameworks/CoreData.framework; sourceTree = SDKROOT; };
		35736BF6127CDE280044A6A3 /* Icon.png */ = {isa = PBXFileReference; lastKnownFileType = image.png; path = Icon.png; sourceTree = "<group>"; };
		35736C0A127CDF6B0044A6A3 /* Icon@2x.png */ = {isa = PBXFileReference; lastKnownFileType = image.png; path = "Icon@2x.png"; sourceTree = "<group>"; };
		35736C19127CDFDE0044A6A3 /* Icon-72.png */ = {isa = PBXFileReference; lastKnownFileType = image.png; path = "Icon-72.png"; sourceTree = "<group>"; };
/* End PBXFileReference section */

/* Begin PBXFrameworksBuildPhase section */
		1D60588F0D05DD3D006BFB54 /* Frameworks */ = {
			isa = PBXFrameworksBuildPhase;
			buildActionMask = 2147483647;
			files = (
				3520E070127DCB6900933FCC /* libSimpleTableViewController.a in Frameworks */,
				35498922127C0497003A1D28 /* libElementParser.a in Frameworks */,
				1D60589F0D05DD5A006BFB54 /* Foundation.framework in Frameworks */,
				1DF5F4E00D08C38300B7A737 /* UIKit.framework in Frameworks */,
				2892E4100DC94CBA00A64D0F /* CoreGraphics.framework in Frameworks */,
				35736B64127CD9CF0044A6A3 /* CoreData.framework in Frameworks */,
			);
			runOnlyForDeploymentPostprocessing = 0;
		};
/* End PBXFrameworksBuildPhase section */

/* Begin PBXGroup section */
		080E96DDFE201D6D7F000001 /* Classes */ = {
			isa = PBXGroup;
			children = (
				3520E1C2127DCE6E00933FCC /* MainScreenLoader.h */,
				3520E1C3127DCE6E00933FCC /* MainScreenLoader.m */,
				1D3623240D0F684500981E51 /* MuninAppDelegate.h */,
				1D3623250D0F684500981E51 /* MuninAppDelegate.m */,
				3520E1CA127DCEF200933FCC /* MuninMastersViewController.h */,
				3520E1CB127DCEF200933FCC /* MuninMastersViewController.m */,
			);
			path = Classes;
			sourceTree = "<group>";
		};
		19C28FACFE9D520D11CA2CBB /* Products */ = {
			isa = PBXGroup;
			children = (
				1D6058910D05DD3D006BFB54 /* Munin.app */,
			);
			name = Products;
			sourceTree = "<group>";
		};
		29B97314FDCFA39411CA2CEA /* CustomTemplate */ = {
			isa = PBXGroup;
			children = (
				3520E192127DCD3300933FCC /* Libs */,
				3520DFEF127DC47F00933FCC /* Application Resources */,
				35498953127C398B003A1D28 /* Models */,
				080E96DDFE201D6D7F000001 /* Classes */,
				29B97315FDCFA39411CA2CEA /* Other Sources */,
				3520E31E127DE99000933FCC /* Table Cells */,
				29B97317FDCFA39411CA2CEA /* Resources */,
				29B97323FDCFA39411CA2CEA /* Frameworks */,
				19C28FACFE9D520D11CA2CBB /* Products */,
			);
			name = CustomTemplate;
			sourceTree = "<group>";
		};
		29B97315FDCFA39411CA2CEA /* Other Sources */ = {
			isa = PBXGroup;
			children = (
				28A0AAE50D9B0CCF005BE974 /* Munin_Prefix.pch */,
				29B97316FDCFA39411CA2CEA /* main.m */,
			);
			name = "Other Sources";
			sourceTree = "<group>";
		};
		29B97317FDCFA39411CA2CEA /* Resources */ = {
			isa = PBXGroup;
			children = (
				3520E20C127DD08700933FCC /* xibs */,
				3520E209127DD07000933FCC /* Images */,
				35428F15127CE55700EB7486 /* README */,
			);
			name = Resources;
			sourceTree = "<group>";
		};
		29B97323FDCFA39411CA2CEA /* Frameworks */ = {
			isa = PBXGroup;
			children = (
				1DF5F4DF0D08C38300B7A737 /* UIKit.framework */,
				1D30AB110D05D00D00671497 /* Foundation.framework */,
				2892E40F0DC94CBA00A64D0F /* CoreGraphics.framework */,
				35736B63127CD9CF0044A6A3 /* CoreData.framework */,
			);
			name = Frameworks;
			sourceTree = "<group>";
		};
		3520DFEF127DC47F00933FCC /* Application Resources */ = {
			isa = PBXGroup;
			children = (
				3520DFFF127DC4FD00933FCC /* __Munin.sqlite */,
				3520DFFD127DC4D000933FCC /* Munin-Info.plist */,
			);
			name = "Application Resources";
			sourceTree = "<group>";
		};
		3520E06B127DCB1700933FCC /* Products */ = {
			isa = PBXGroup;
			children = (
				3520E06F127DCB1700933FCC /* libSimpleTableViewController.a */,
			);
			name = Products;
			sourceTree = "<group>";
		};
		3520E192127DCD3300933FCC /* Libs */ = {
			isa = PBXGroup;
			children = (
				3520E06A127DCB1700933FCC /* SimpleTableViewController.xcodeproj */,
				354988FF127C03D8003A1D28 /* ElementParser.xcodeproj */,
			);
			name = Libs;
			sourceTree = "<group>";
		};
		3520E209127DD07000933FCC /* Images */ = {
			isa = PBXGroup;
			children = (
				3520E20A127DD07600933FCC /* Icons */,
			);
			name = Images;
			sourceTree = "<group>";
		};
		3520E20A127DD07600933FCC /* Icons */ = {
			isa = PBXGroup;
			children = (
				3520E20B127DD07A00933FCC /* SpringBoard */,
			);
			name = Icons;
			sourceTree = "<group>";
		};
		3520E20B127DD07A00933FCC /* SpringBoard */ = {
			isa = PBXGroup;
			children = (
				35736C19127CDFDE0044A6A3 /* Icon-72.png */,
				35736C0A127CDF6B0044A6A3 /* Icon@2x.png */,
				35736BF6127CDE280044A6A3 /* Icon.png */,
			);
			name = SpringBoard;
			sourceTree = "<group>";
		};
		3520E20C127DD08700933FCC /* xibs */ = {
			isa = PBXGroup;
			children = (
				3520E1CC127DCEF200933FCC /* MuninMastersViewController.xib */,
				28AD735F0D9D9599002E5188 /* MainWindow.xib */,
			);
			name = xibs;
			sourceTree = "<group>";
		};
		3520E31E127DE99000933FCC /* Table Cells */ = {
			isa = PBXGroup;
			children = (
				3520E31F127DE9DB00933FCC /* MuninMasterTableViewCell.h */,
				3520E320127DE9DB00933FCC /* MuninMasterTableViewCell.m */,
			);
			name = "Table Cells";
			sourceTree = "<group>";
		};
		35498900127C03D8003A1D28 /* Products */ = {
			isa = PBXGroup;
			children = (
				35498904127C03D8003A1D28 /* libElementParser.a */,
			);
			name = Products;
			sourceTree = "<group>";
		};
		35498953127C398B003A1D28 /* Models */ = {
			isa = PBXGroup;
			children = (
				35498954127C3994003A1D28 /* Data Models */,
			);
			name = Models;
			sourceTree = "<group>";
		};
		35498954127C3994003A1D28 /* Data Models */ = {
			isa = PBXGroup;
			children = (
				35498958127C3AE7003A1D28 /* Host.xcdatamodel */,
				3520E373127DEC2400933FCC /* Host.h */,
				3520E374127DEC2400933FCC /* Host.m */,
				3520E33F127DEAD700933FCC /* MuninMaster.h */,
				3520E340127DEAD700933FCC /* MuninMaster.m */,
			);
			name = "Data Models";
			sourceTree = "<group>";
		};
/* End PBXGroup section */

/* Begin PBXNativeTarget section */
		1D6058900D05DD3D006BFB54 /* Munin */ = {
			isa = PBXNativeTarget;
			buildConfigurationList = 1D6058960D05DD3E006BFB54 /* Build configuration list for PBXNativeTarget "Munin" */;
			buildPhases = (
				1D60588D0D05DD3D006BFB54 /* Resources */,
				1D60588E0D05DD3D006BFB54 /* Sources */,
				1D60588F0D05DD3D006BFB54 /* Frameworks */,
			);
			buildRules = (
			);
			dependencies = (
				35498947127C04D4003A1D28 /* PBXTargetDependency */,
			);
			name = Munin;
			productName = Munin;
			productReference = 1D6058910D05DD3D006BFB54 /* Munin.app */;
			productType = "com.apple.product-type.application";
		};
/* End PBXNativeTarget section */

/* Begin PBXProject section */
		29B97313FDCFA39411CA2CEA /* Project object */ = {
			isa = PBXProject;
			attributes = {
				BuildIndependentTargetsInParallel = YES;
				ORGANIZATIONNAME = Tim_online;
			};
			buildConfigurationList = C01FCF4E08A954540054247B /* Build configuration list for PBXProject "Munin" */;
			compatibilityVersion = "Xcode 3.2";
			developmentRegion = English;
			hasScannedForEncodings = 1;
			knownRegions = (
				English,
				Japanese,
				French,
				German,
				en,
			);
			mainGroup = 29B97314FDCFA39411CA2CEA /* CustomTemplate */;
			projectDirPath = "";
			projectReferences = (
				{
					ProductGroup = 35498900127C03D8003A1D28 /* Products */;
					ProjectRef = 354988FF127C03D8003A1D28 /* ElementParser.xcodeproj */;
				},
				{
					ProductGroup = 3520E06B127DCB1700933FCC /* Products */;
					ProjectRef = 3520E06A127DCB1700933FCC /* SimpleTableViewController.xcodeproj */;
				},
			);
			projectRoot = "";
			targets = (
				1D6058900D05DD3D006BFB54 /* Munin */,
			);
		};
/* End PBXProject section */

/* Begin PBXReferenceProxy section */
		3520E06F127DCB1700933FCC /* libSimpleTableViewController.a */ = {
			isa = PBXReferenceProxy;
			fileType = archive.ar;
			path = libSimpleTableViewController.a;
			remoteRef = 3520E06E127DCB1700933FCC /* PBXContainerItemProxy */;
			sourceTree = BUILT_PRODUCTS_DIR;
		};
		35498904127C03D8003A1D28 /* libElementParser.a */ = {
			isa = PBXReferenceProxy;
			fileType = archive.ar;
			path = libElementParser.a;
			remoteRef = 35498903127C03D8003A1D28 /* PBXContainerItemProxy */;
			sourceTree = BUILT_PRODUCTS_DIR;
		};
/* End PBXReferenceProxy section */

/* Begin PBXResourcesBuildPhase section */
		1D60588D0D05DD3D006BFB54 /* Resources */ = {
			isa = PBXResourcesBuildPhase;
			buildActionMask = 2147483647;
			files = (
				28AD73600D9D9599002E5188 /* MainWindow.xib in Resources */,
				35736BF7127CDE280044A6A3 /* Icon.png in Resources */,
				35736C0B127CDF6B0044A6A3 /* Icon@2x.png in Resources */,
				35736C1A127CDFDE0044A6A3 /* Icon-72.png in Resources */,
				35428F16127CE55700EB7486 /* README in Resources */,
				3520DFFE127DC4D000933FCC /* Munin-Info.plist in Resources */,
				3520E000127DC4FD00933FCC /* __Munin.sqlite in Resources */,
				3520E1CE127DCEF200933FCC /* MuninMastersViewController.xib in Resources */,
			);
			runOnlyForDeploymentPostprocessing = 0;
		};
/* End PBXResourcesBuildPhase section */

/* Begin PBXSourcesBuildPhase section */
		1D60588E0D05DD3D006BFB54 /* Sources */ = {
			isa = PBXSourcesBuildPhase;
			buildActionMask = 2147483647;
			files = (
				35498921127C0492003A1D28 /* libElementParser.a in Sources */,
				1D60589B0D05DD56006BFB54 /* main.m in Sources */,
				1D3623260D0F684500981E51 /* MuninAppDelegate.m in Sources */,
				35498959127C3AE7003A1D28 /* Host.xcdatamodel in Sources */,
				3520E1C4127DCE6E00933FCC /* MainScreenLoader.m in Sources */,
				3520E1CD127DCEF200933FCC /* MuninMastersViewController.m in Sources */,
				3520E341127DEAD700933FCC /* MuninMaster.m in Sources */,
				3520E375127DEC2400933FCC /* Host.m in Sources */,
				3520E3BF127DEE0100933FCC /* MuninMasterTableViewCell.m in Sources */,
			);
			runOnlyForDeploymentPostprocessing = 0;
		};
/* End PBXSourcesBuildPhase section */

/* Begin PBXTargetDependency section */
		35498947127C04D4003A1D28 /* PBXTargetDependency */ = {
			isa = PBXTargetDependency;
			name = ElementParser;
			targetProxy = 35498946127C04D4003A1D28 /* PBXContainerItemProxy */;
		};
/* End PBXTargetDependency section */

/* Begin XCBuildConfiguration section */
		1D6058940D05DD3E006BFB54 /* Debug */ = {
			isa = XCBuildConfiguration;
			buildSettings = {
				ALWAYS_SEARCH_USER_PATHS = NO;
				COPY_PHASE_STRIP = NO;
				GCC_DYNAMIC_NO_PIC = NO;
				GCC_OPTIMIZATION_LEVEL = 0;
				GCC_PRECOMPILE_PREFIX_HEADER = YES;
				GCC_PREFIX_HEADER = Munin_Prefix.pch;
				HEADER_SEARCH_PATHS = (
					"${PROJECT_DIR}/../SimpleTableViewController//**",
					"${PROJECT_DIR}/../ElementParser/**",
				);
				INFOPLIST_FILE = "MuninData/Munin-Info.plist";
				PRODUCT_NAME = Munin;
			};
			name = Debug;
		};
		1D6058950D05DD3E006BFB54 /* Release */ = {
			isa = XCBuildConfiguration;
			buildSettings = {
				ALWAYS_SEARCH_USER_PATHS = NO;
				COPY_PHASE_STRIP = YES;
				GCC_PRECOMPILE_PREFIX_HEADER = YES;
				GCC_PREFIX_HEADER = Munin_Prefix.pch;
				HEADER_SEARCH_PATHS = (
					"${PROJECT_DIR}/../SimpleTableViewController//**",
					"${PROJECT_DIR}/../ElementParser/**",
				);
				INFOPLIST_FILE = "MuninData/Munin-Info.plist";
				PRODUCT_NAME = Munin;
				VALIDATE_PRODUCT = YES;
			};
			name = Release;
		};
		C01FCF4F08A954540054247B /* Debug */ = {
			isa = XCBuildConfiguration;
			buildSettings = {
				ARCHS = "$(ARCHS_STANDARD_32_BIT)";
				"CODE_SIGN_IDENTITY[sdk=iphoneos*]" = "iPhone Developer";
				GCC_C_LANGUAGE_STANDARD = c99;
				GCC_WARN_ABOUT_RETURN_TYPE = YES;
				GCC_WARN_UNUSED_VARIABLE = YES;
				PREBINDING = NO;
				SDKROOT = iphoneos4.1;
			};
			name = Debug;
		};
		C01FCF5008A954540054247B /* Release */ = {
			isa = XCBuildConfiguration;
			buildSettings = {
				ARCHS = "$(ARCHS_STANDARD_32_BIT)";
				"CODE_SIGN_IDENTITY[sdk=iphoneos*]" = "iPhone Developer";
				GCC_C_LANGUAGE_STANDARD = c99;
				GCC_WARN_ABOUT_RETURN_TYPE = YES;
				GCC_WARN_UNUSED_VARIABLE = YES;
				OTHER_CFLAGS = "-DNS_BLOCK_ASSERTIONS=1";
				PREBINDING = NO;
				SDKROOT = iphoneos4.1;
			};
			name = Release;
		};
/* End XCBuildConfiguration section */

/* Begin XCConfigurationList section */
		1D6058960D05DD3E006BFB54 /* Build configuration list for PBXNativeTarget "Munin" */ = {
			isa = XCConfigurationList;
			buildConfigurations = (
				1D6058940D05DD3E006BFB54 /* Debug */,
				1D6058950D05DD3E006BFB54 /* Release */,
			);
			defaultConfigurationIsVisible = 0;
			defaultConfigurationName = Release;
		};
		C01FCF4E08A954540054247B /* Build configuration list for PBXProject "Munin" */ = {
			isa = XCConfigurationList;
			buildConfigurations = (
				C01FCF4F08A954540054247B /* Debug */,
				C01FCF5008A954540054247B /* Release */,
			);
			defaultConfigurationIsVisible = 0;
			defaultConfigurationName = Release;
		};
/* End XCConfigurationList section */
	};
	rootObject = 29B97313FDCFA39411CA2CEA /* Project object */;
}
